
Microsoft Visual Studio Solution File, Format Version 12.00
# Visual Studio Version 17
VisualStudioVersion = 17.0.31611.283
MinimumVisualStudioVersion = 10.0.40219.1
Project("{9A19103F-16F7-4668-BE54-9A1E7A4F7556}") = "SimulacrumSharp", "SimulacrumSharp\SimulacrumSharp.csproj", "{E825826A-9610-4B77-B3B1-4813E5A86F4D}"
EndProject
Project("{9A19103F-16F7-4668-BE54-9A1E7A4F7556}") = "SimulacrumSharp.SimulationAPI", "SimulacrumSharp.SimulationAPI\SimulacrumSharp.SimulationAPI.csproj", "{05E3234D-6A45-43DF-A4D0-375A2B49271A}"
EndProject
Project("{2150E333-8FDC-42A3-9474-1A3956D46DE8}") = "Solutions Items", "Solutions Items", "{62A58F23-36E1-46BD-8AB4-8B3793722310}"
	ProjectSection(SolutionItems) = preProject
		index.html = index.html
	EndProjectSection
EndProject
Project("{9A19103F-16F7-4668-BE54-9A1E7A4F7556}") = "SimulacrumSharp.MAUI", "SimulacrumSharp.MAUI\SimulacrumSharp.MAUI.csproj", "{88F3E6B4-2F1F-4B34-9659-E71B1FB535E0}"
EndProject
Project("{9A19103F-16F7-4668-BE54-9A1E7A4F7556}") = "SimulacrumSharp.NativeClients", "SimulacrumSharp.NativeClients\SimulacrumSharp.NativeClients.csproj", "{35E0D518-1566-412F-A578-401E5FBEF180}"
	ProjectSection(ProjectDependencies) = postProject
		{C23673BA-7E92-4A0E-AD41-295AC441C556} = {C23673BA-7E92-4A0E-AD41-295AC441C556}
	EndProjectSection
EndProject
Project("{9A19103F-16F7-4668-BE54-9A1E7A4F7556}") = "SimulacrumSharp.Web", "SimulacrumSharp.Web\SimulacrumSharp.Web.csproj", "{52D08F29-2915-485E-ADDB-A143B2A6B605}"
	ProjectSection(ProjectDependencies) = postProject
		{C23673BA-7E92-4A0E-AD41-295AC441C556} = {C23673BA-7E92-4A0E-AD41-295AC441C556}
	EndProjectSection
EndProject
Project("{9A19103F-16F7-4668-BE54-9A1E7A4F7556}") = "SimulacrumSharp.Razor", "SimulacrumSharp.Razor\SimulacrumSharp.Razor.csproj", "{ABE5AE4C-4F3C-44DF-A12E-C55DA2E0AE15}"
	ProjectSection(ProjectDependencies) = postProject
		{C23673BA-7E92-4A0E-AD41-295AC441C556} = {C23673BA-7E92-4A0E-AD41-295AC441C556}
	EndProjectSection
EndProject
Project("{9A19103F-16F7-4668-BE54-9A1E7A4F7556}") = "SimulacrumSharp.Backend", "SimulacrumSharp.Backend\SimulacrumSharp.Backend.csproj", "{C23673BA-7E92-4A0E-AD41-295AC441C556}"
EndProject
Project("{FAE04EC0-301F-11D3-BF4B-00C04F79EFBC}") = "SimulacrumSharp.WebAssembly", "SimulacrumSharp.WebAssembly\SimulacrumSharp.WebAssembly.csproj", "{B8A00157-45F3-45DE-959E-619871A62E66}"
EndProject
Global
	GlobalSection(SolutionConfigurationPlatforms) = preSolution
		Debug|Any CPU = Debug|Any CPU
		Release|Any CPU = Release|Any CPU
	EndGlobalSection
	GlobalSection(ProjectConfigurationPlatforms) = postSolution
		{E825826A-9610-4B77-B3B1-4813E5A86F4D}.Debug|Any CPU.ActiveCfg = Debug|Any CPU
		{E825826A-9610-4B77-B3B1-4813E5A86F4D}.Debug|Any CPU.Build.0 = Debug|Any CPU
		{E825826A-9610-4B77-B3B1-4813E5A86F4D}.Debug|Any CPU.Deploy.0 = Debug|Any CPU
		{E825826A-9610-4B77-B3B1-4813E5A86F4D}.Release|Any CPU.ActiveCfg = Release|Any CPU
		{E825826A-9610-4B77-B3B1-4813E5A86F4D}.Release|Any CPU.Build.0 = Release|Any CPU
		{E825826A-9610-4B77-B3B1-4813E5A86F4D}.Release|Any CPU.Deploy.0 = Release|Any CPU
		{05E3234D-6A45-43DF-A4D0-375A2B49271A}.Debug|Any CPU.ActiveCfg = Debug|Any CPU
		{05E3234D-6A45-43DF-A4D0-375A2B49271A}.Debug|Any CPU.Build.0 = Debug|Any CPU
		{05E3234D-6A45-43DF-A4D0-375A2B49271A}.Release|Any CPU.ActiveCfg = Release|Any CPU
		{05E3234D-6A45-43DF-A4D0-375A2B49271A}.Release|Any CPU.Build.0 = Release|Any CPU
		{88F3E6B4-2F1F-4B34-9659-E71B1FB535E0}.Debug|Any CPU.ActiveCfg = Debug|Any CPU
		{88F3E6B4-2F1F-4B34-9659-E71B1FB535E0}.Debug|Any CPU.Build.0 = Debug|Any CPU
		{88F3E6B4-2F1F-4B34-9659-E71B1FB535E0}.Debug|Any CPU.Deploy.0 = Debug|Any CPU
		{88F3E6B4-2F1F-4B34-9659-E71B1FB535E0}.Release|Any CPU.ActiveCfg = Release|Any CPU
		{88F3E6B4-2F1F-4B34-9659-E71B1FB535E0}.Release|Any CPU.Build.0 = Release|Any CPU
		{88F3E6B4-2F1F-4B34-9659-E71B1FB535E0}.Release|Any CPU.Deploy.0 = Release|Any CPU
		{35E0D518-1566-412F-A578-401E5FBEF180}.Debug|Any CPU.ActiveCfg = Debug|Any CPU
		{35E0D518-1566-412F-A578-401E5FBEF180}.Debug|Any CPU.Build.0 = Debug|Any CPU
		{35E0D518-1566-412F-A578-401E5FBEF180}.Debug|Any CPU.Deploy.0 = Debug|Any CPU
		{35E0D518-1566-412F-A578-401E5FBEF180}.Release|Any CPU.ActiveCfg = Release|Any CPU
		{35E0D518-1566-412F-A578-401E5FBEF180}.Release|Any CPU.Build.0 = Release|Any CPU
		{35E0D518-1566-412F-A578-401E5FBEF180}.Release|Any CPU.Deploy.0 = Release|Any CPU
		{52D08F29-2915-485E-ADDB-A143B2A6B605}.Debug|Any CPU.ActiveCfg = Debug|Any CPU
		{52D08F29-2915-485E-ADDB-A143B2A6B605}.Debug|Any CPU.Build.0 = Debug|Any CPU
		{52D08F29-2915-485E-ADDB-A143B2A6B605}.Release|Any CPU.ActiveCfg = Release|Any CPU
		{52D08F29-2915-485E-ADDB-A143B2A6B605}.Release|Any CPU.Build.0 = Release|Any CPU
		{ABE5AE4C-4F3C-44DF-A12E-C55DA2E0AE15}.Debug|Any CPU.ActiveCfg = Debug|Any CPU
		{ABE5AE4C-4F3C-44DF-A12E-C55DA2E0AE15}.Debug|Any CPU.Build.0 = Debug|Any CPU
		{ABE5AE4C-4F3C-44DF-A12E-C55DA2E0AE15}.Release|Any CPU.ActiveCfg = Release|Any CPU
		{ABE5AE4C-4F3C-44DF-A12E-C55DA2E0AE15}.Release|Any CPU.Build.0 = Release|Any CPU
		{C23673BA-7E92-4A0E-AD41-295AC441C556}.Debug|Any CPU.ActiveCfg = Debug|Any CPU
		{C23673BA-7E92-4A0E-AD41-295AC441C556}.Debug|Any CPU.Build.0 = Debug|Any CPU
		{C23673BA-7E92-4A0E-AD41-295AC441C556}.Release|Any CPU.ActiveCfg = Release|Any CPU
		{C23673BA-7E92-4A0E-AD41-295AC441C556}.Release|Any CPU.Build.0 = Release|Any CPU
		{B8A00157-45F3-45DE-959E-619871A62E66}.Debug|Any CPU.ActiveCfg = Debug|Any CPU
		{B8A00157-45F3-45DE-959E-619871A62E66}.Debug|Any CPU.Build.0 = Debug|Any CPU
		{B8A00157-45F3-45DE-959E-619871A62E66}.Release|Any CPU.ActiveCfg = Release|Any CPU
		{B8A00157-45F3-45DE-959E-619871A62E66}.Release|Any CPU.Build.0 = Release|Any CPU
	EndGlobalSection
	GlobalSection(SolutionProperties) = preSolution
		HideSolutionNode = FALSE
	EndGlobalSection
	GlobalSection(ExtensibilityGlobals) = postSolution
		SolutionGuid = {61F7FB11-1E47-470C-91E2-47F8143E1572}
	EndGlobalSection
EndGlobal
